// !$*UTF8*$!
{
	archiveVersion = 1;
	classes = {
	};
	objectVersion = 50;
	objects = {

/* Begin PBXBuildFile section */
		32E1331CAFF69202B8C30B68 /* Pods_ZhiHu.framework in Frameworks */ = {isa = PBXBuildFile; fileRef = 27D67B0B5ECC66AC6F4C5EAC /* Pods_ZhiHu.framework */; };
		F810501F220EC83C001C34BC /* ZHHomeController.swift in Sources */ = {isa = PBXBuildFile; fileRef = F810501E220EC83C001C34BC /* ZHHomeController.swift */; };
		F8105021220EF917001C34BC /* ZHIdeaController.swift in Sources */ = {isa = PBXBuildFile; fileRef = F8105020220EF917001C34BC /* ZHIdeaController.swift */; };
		F8105023220EF92E001C34BC /* ZHCollegeViewController.swift in Sources */ = {isa = PBXBuildFile; fileRef = F8105022220EF92E001C34BC /* ZHCollegeViewController.swift */; };
		F8105025220EF938001C34BC /* ZHMessageViewController.swift in Sources */ = {isa = PBXBuildFile; fileRef = F8105024220EF938001C34BC /* ZHMessageViewController.swift */; };
		F8105027220EF942001C34BC /* ZHMineViewController.swift in Sources */ = {isa = PBXBuildFile; fileRef = F8105026220EF942001C34BC /* ZHMineViewController.swift */; };
		F8105029220EFACD001C34BC /* ZHViewController.swift in Sources */ = {isa = PBXBuildFile; fileRef = F8105028220EFACD001C34BC /* ZHViewController.swift */; };
		F810502F220EFD27001C34BC /* Const.swift in Sources */ = {isa = PBXBuildFile; fileRef = F810502E220EFD27001C34BC /* Const.swift */; };
		F8105032220FEEC6001C34BC /* ZHHomeSearchVC.swift in Sources */ = {isa = PBXBuildFile; fileRef = F8105030220FEEC6001C34BC /* ZHHomeSearchVC.swift */; };
		F8105033220FEEC6001C34BC /* ZHHomeSearchVC.xib in Resources */ = {isa = PBXBuildFile; fileRef = F8105031220FEEC6001C34BC /* ZHHomeSearchVC.xib */; };
		F810503622100C25001C34BC /* UIButton+ZHEx.swift in Sources */ = {isa = PBXBuildFile; fileRef = F810503522100C25001C34BC /* UIButton+ZHEx.swift */; };
		F8105039221016F1001C34BC /* ZHHomeBaseCell.swift in Sources */ = {isa = PBXBuildFile; fileRef = F8105038221016F1001C34BC /* ZHHomeBaseCell.swift */; };
		F810503B22101D46001C34BC /* ZHRecommendVC.swift in Sources */ = {isa = PBXBuildFile; fileRef = F810503A22101D46001C34BC /* ZHRecommendVC.swift */; };
		F8C3E193220431BB004D2555 /* AppDelegate.swift in Sources */ = {isa = PBXBuildFile; fileRef = F8C3E192220431BB004D2555 /* AppDelegate.swift */; };
		F8C3E195220431BB004D2555 /* FirstViewController.swift in Sources */ = {isa = PBXBuildFile; fileRef = F8C3E194220431BB004D2555 /* FirstViewController.swift */; };
		F8C3E197220431BB004D2555 /* SecondViewController.swift in Sources */ = {isa = PBXBuildFile; fileRef = F8C3E196220431BB004D2555 /* SecondViewController.swift */; };
		F8C3E19A220431BB004D2555 /* Main.storyboard in Resources */ = {isa = PBXBuildFile; fileRef = F8C3E198220431BB004D2555 /* Main.storyboard */; };
		F8C3E19C220431BD004D2555 /* Assets.xcassets in Resources */ = {isa = PBXBuildFile; fileRef = F8C3E19B220431BD004D2555 /* Assets.xcassets */; };
		F8C3E19F220431BD004D2555 /* LaunchScreen.storyboard in Resources */ = {isa = PBXBuildFile; fileRef = F8C3E19D220431BD004D2555 /* LaunchScreen.storyboard */; };
/* End PBXBuildFile section */

/* Begin PBXFileReference section */
		13270FB2F86403A88FA6BFCA /* Pods-ZhiHu.release.xcconfig */ = {isa = PBXFileReference; includeInIndex = 1; lastKnownFileType = text.xcconfig; name = "Pods-ZhiHu.release.xcconfig"; path = "Pods/Target Support Files/Pods-ZhiHu/Pods-ZhiHu.release.xcconfig"; sourceTree = "<group>"; };
		20F7382599C405E07E0EC563 /* Pods-ZhiHu.debug.xcconfig */ = {isa = PBXFileReference; includeInIndex = 1; lastKnownFileType = text.xcconfig; name = "Pods-ZhiHu.debug.xcconfig"; path = "Pods/Target Support Files/Pods-ZhiHu/Pods-ZhiHu.debug.xcconfig"; sourceTree = "<group>"; };
		27D67B0B5ECC66AC6F4C5EAC /* Pods_ZhiHu.framework */ = {isa = PBXFileReference; explicitFileType = wrapper.framework; includeInIndex = 0; path = Pods_ZhiHu.framework; sourceTree = BUILT_PRODUCTS_DIR; };
		F810501E220EC83C001C34BC /* ZHHomeController.swift */ = {isa = PBXFileReference; lastKnownFileType = sourcecode.swift; path = ZHHomeController.swift; sourceTree = "<group>"; };
		F8105020220EF917001C34BC /* ZHIdeaController.swift */ = {isa = PBXFileReference; lastKnownFileType = sourcecode.swift; path = ZHIdeaController.swift; sourceTree = "<group>"; };
		F8105022220EF92E001C34BC /* ZHCollegeViewController.swift */ = {isa = PBXFileReference; lastKnownFileType = sourcecode.swift; path = ZHCollegeViewController.swift; sourceTree = "<group>"; };
		F8105024220EF938001C34BC /* ZHMessageViewController.swift */ = {isa = PBXFileReference; lastKnownFileType = sourcecode.swift; path = ZHMessageViewController.swift; sourceTree = "<group>"; };
		F8105026220EF942001C34BC /* ZHMineViewController.swift */ = {isa = PBXFileReference; lastKnownFileType = sourcecode.swift; path = ZHMineViewController.swift; sourceTree = "<group>"; };
		F8105028220EFACD001C34BC /* ZHViewController.swift */ = {isa = PBXFileReference; lastKnownFileType = sourcecode.swift; path = ZHViewController.swift; sourceTree = "<group>"; };
		F810502E220EFD27001C34BC /* Const.swift */ = {isa = PBXFileReference; lastKnownFileType = sourcecode.swift; path = Const.swift; sourceTree = "<group>"; };
		F8105030220FEEC6001C34BC /* ZHHomeSearchVC.swift */ = {isa = PBXFileReference; lastKnownFileType = sourcecode.swift; path = ZHHomeSearchVC.swift; sourceTree = "<group>"; };
		F8105031220FEEC6001C34BC /* ZHHomeSearchVC.xib */ = {isa = PBXFileReference; lastKnownFileType = file.xib; path = ZHHomeSearchVC.xib; sourceTree = "<group>"; };
		F810503522100C25001C34BC /* UIButton+ZHEx.swift */ = {isa = PBXFileReference; lastKnownFileType = sourcecode.swift; path = "UIButton+ZHEx.swift"; sourceTree = "<group>"; };
		F8105038221016F1001C34BC /* ZHHomeBaseCell.swift */ = {isa = PBXFileReference; lastKnownFileType = sourcecode.swift; path = ZHHomeBaseCell.swift; sourceTree = "<group>"; };
		F810503A22101D46001C34BC /* ZHRecommendVC.swift */ = {isa = PBXFileReference; lastKnownFileType = sourcecode.swift; path = ZHRecommendVC.swift; sourceTree = "<group>"; };
		F8C3E18F220431BB004D2555 /* ZhiHu.app */ = {isa = PBXFileReference; explicitFileType = wrapper.application; includeInIndex = 0; path = ZhiHu.app; sourceTree = BUILT_PRODUCTS_DIR; };
		F8C3E192220431BB004D2555 /* AppDelegate.swift */ = {isa = PBXFileReference; lastKnownFileType = sourcecode.swift; path = AppDelegate.swift; sourceTree = "<group>"; };
		F8C3E194220431BB004D2555 /* FirstViewController.swift */ = {isa = PBXFileReference; lastKnownFileType = sourcecode.swift; path = FirstViewController.swift; sourceTree = "<group>"; };
		F8C3E196220431BB004D2555 /* SecondViewController.swift */ = {isa = PBXFileReference; lastKnownFileType = sourcecode.swift; path = SecondViewController.swift; sourceTree = "<group>"; };
		F8C3E199220431BB004D2555 /* Base */ = {isa = PBXFileReference; lastKnownFileType = file.storyboard; name = Base; path = Base.lproj/Main.storyboard; sourceTree = "<group>"; };
		F8C3E19B220431BD004D2555 /* Assets.xcassets */ = {isa = PBXFileReference; lastKnownFileType = folder.assetcatalog; path = Assets.xcassets; sourceTree = "<group>"; };
		F8C3E19E220431BD004D2555 /* Base */ = {isa = PBXFileReference; lastKnownFileType = file.storyboard; name = Base; path = Base.lproj/LaunchScreen.storyboard; sourceTree = "<group>"; };
		F8C3E1A0220431BD004D2555 /* Info.plist */ = {isa = PBXFileReference; lastKnownFileType = text.plist.xml; path = Info.plist; sourceTree = "<group>"; };
/* End PBXFileReference section */

/* Begin PBXFrameworksBuildPhase section */
		F8C3E18C220431BB004D2555 /* Frameworks */ = {
			isa = PBXFrameworksBuildPhase;
			buildActionMask = 2147483647;
			files = (
				32E1331CAFF69202B8C30B68 /* Pods_ZhiHu.framework in Frameworks */,
			);
			runOnlyForDeploymentPostprocessing = 0;
		};
/* End PBXFrameworksBuildPhase section */

/* Begin PBXGroup section */
		9CF128CD3BA75894B4F92D17 /* Pods */ = {
			isa = PBXGroup;
			children = (
				20F7382599C405E07E0EC563 /* Pods-ZhiHu.debug.xcconfig */,
				13270FB2F86403A88FA6BFCA /* Pods-ZhiHu.release.xcconfig */,
			);
			name = Pods;
			sourceTree = "<group>";
		};
		F8105018220EC77E001C34BC /* ZhiHu */ = {
			isa = PBXGroup;
			children = (
				F8105019220EC78B001C34BC /* Home */,
				F810501D220EC7AD001C34BC /* Idea */,
				F810501C220EC7A7001C34BC /* College */,
				F810501B220EC7A2001C34BC /* Message */,
				F810501A220EC79B001C34BC /* Mine */,
			);
			path = ZhiHu;
			sourceTree = "<group>";
		};
		F8105019220EC78B001C34BC /* Home */ = {
			isa = PBXGroup;
			children = (
				F810501E220EC83C001C34BC /* ZHHomeController.swift */,
				F8105030220FEEC6001C34BC /* ZHHomeSearchVC.swift */,
				F8105031220FEEC6001C34BC /* ZHHomeSearchVC.xib */,
				F810502A220EFC2A001C34BC /* Focus */,
				F810502B220EFC3E001C34BC /* Recommend */,
				F810502C220EFC42001C34BC /* Hot */,
				F810502D220EFC46001C34BC /* Video */,
			);
			path = Home;
			sourceTree = "<group>";
		};
		F810501A220EC79B001C34BC /* Mine */ = {
			isa = PBXGroup;
			children = (
				F8105026220EF942001C34BC /* ZHMineViewController.swift */,
			);
			path = Mine;
			sourceTree = "<group>";
		};
		F810501B220EC7A2001C34BC /* Message */ = {
			isa = PBXGroup;
			children = (
				F8105024220EF938001C34BC /* ZHMessageViewController.swift */,
			);
			path = Message;
			sourceTree = "<group>";
		};
		F810501C220EC7A7001C34BC /* College */ = {
			isa = PBXGroup;
			children = (
				F8105022220EF92E001C34BC /* ZHCollegeViewController.swift */,
			);
			path = College;
			sourceTree = "<group>";
		};
		F810501D220EC7AD001C34BC /* Idea */ = {
			isa = PBXGroup;
			children = (
				F8105020220EF917001C34BC /* ZHIdeaController.swift */,
			);
			path = Idea;
			sourceTree = "<group>";
		};
		F810502A220EFC2A001C34BC /* Focus */ = {
			isa = PBXGroup;
			children = (
			);
			path = Focus;
			sourceTree = "<group>";
		};
		F810502B220EFC3E001C34BC /* Recommend */ = {
			isa = PBXGroup;
			children = (
				F810503A22101D46001C34BC /* ZHRecommendVC.swift */,
				F8105037221016BC001C34BC /* View */,
			);
			path = Recommend;
			sourceTree = "<group>";
		};
		F810502C220EFC42001C34BC /* Hot */ = {
			isa = PBXGroup;
			children = (
			);
			path = Hot;
			sourceTree = "<group>";
		};
		F810502D220EFC46001C34BC /* Video */ = {
			isa = PBXGroup;
			children = (
			);
			path = Video;
			sourceTree = "<group>";
		};
		F810503422100B8A001C34BC /* Category */ = {
			isa = PBXGroup;
			children = (
				F810503522100C25001C34BC /* UIButton+ZHEx.swift */,
			);
			path = Category;
			sourceTree = "<group>";
		};
		F8105037221016BC001C34BC /* View */ = {
			isa = PBXGroup;
			children = (
				F8105038221016F1001C34BC /* ZHHomeBaseCell.swift */,
			);
			path = View;
			sourceTree = "<group>";
		};
		F8C3E186220431BB004D2555 = {
			isa = PBXGroup;
			children = (
				F8C3E191220431BB004D2555 /* ZhiHu */,
				F8C3E190220431BB004D2555 /* Products */,
				9CF128CD3BA75894B4F92D17 /* Pods */,
				FD05C0795D5512840B39E98C /* Frameworks */,
			);
			sourceTree = "<group>";
		};
		F8C3E190220431BB004D2555 /* Products */ = {
			isa = PBXGroup;
			children = (
				F8C3E18F220431BB004D2555 /* ZhiHu.app */,
			);
			name = Products;
			sourceTree = "<group>";
		};
		F8C3E191220431BB004D2555 /* ZhiHu */ = {
			isa = PBXGroup;
			children = (
				F8C3E192220431BB004D2555 /* AppDelegate.swift */,
				F8105028220EFACD001C34BC /* ZHViewController.swift */,
				F810502E220EFD27001C34BC /* Const.swift */,
				F8105018220EC77E001C34BC /* ZhiHu */,
				F810503422100B8A001C34BC /* Category */,
				F8C3E194220431BB004D2555 /* FirstViewController.swift */,
				F8C3E196220431BB004D2555 /* SecondViewController.swift */,
				F8C3E198220431BB004D2555 /* Main.storyboard */,
				F8C3E19B220431BD004D2555 /* Assets.xcassets */,
				F8C3E19D220431BD004D2555 /* LaunchScreen.storyboard */,
				F8C3E1A0220431BD004D2555 /* Info.plist */,
			);
			path = ZhiHu;
			sourceTree = "<group>";
		};
		FD05C0795D5512840B39E98C /* Frameworks */ = {
			isa = PBXGroup;
			children = (
				27D67B0B5ECC66AC6F4C5EAC /* Pods_ZhiHu.framework */,
			);
			name = Frameworks;
			sourceTree = "<group>";
		};
/* End PBXGroup section */

/* Begin PBXNativeTarget section */
		F8C3E18E220431BB004D2555 /* ZhiHu */ = {
			isa = PBXNativeTarget;
			buildConfigurationList = F8C3E1A3220431BD004D2555 /* Build configuration list for PBXNativeTarget "ZhiHu" */;
			buildPhases = (
				5E78ECBE949D96F38E10A977 /* [CP] Check Pods Manifest.lock */,
				F8C3E18B220431BB004D2555 /* Sources */,
				F8C3E18C220431BB004D2555 /* Frameworks */,
				F8C3E18D220431BB004D2555 /* Resources */,
				ECC4DA5C33516466D7676B8C /* [CP] Embed Pods Frameworks */,
			);
			buildRules = (
			);
			dependencies = (
			);
			name = ZhiHu;
			productName = ZhiHu;
			productReference = F8C3E18F220431BB004D2555 /* ZhiHu.app */;
			productType = "com.apple.product-type.application";
		};
/* End PBXNativeTarget section */

/* Begin PBXProject section */
		F8C3E187220431BB004D2555 /* Project object */ = {
			isa = PBXProject;
			attributes = {
				LastSwiftUpdateCheck = 0930;
				LastUpgradeCheck = 0930;
				ORGANIZATIONNAME = "陈逸辰";
				TargetAttributes = {
					F8C3E18E220431BB004D2555 = {
						CreatedOnToolsVersion = 9.3;
					};
				};
			};
			buildConfigurationList = F8C3E18A220431BB004D2555 /* Build configuration list for PBXProject "ZhiHu" */;
			compatibilityVersion = "Xcode 9.3";
			developmentRegion = en;
			hasScannedForEncodings = 0;
			knownRegions = (
				en,
				Base,
			);
			mainGroup = F8C3E186220431BB004D2555;
			productRefGroup = F8C3E190220431BB004D2555 /* Products */;
			projectDirPath = "";
			projectRoot = "";
			targets = (
				F8C3E18E220431BB004D2555 /* ZhiHu */,
			);
		};
/* End PBXProject section */

/* Begin PBXResourcesBuildPhase section */
		F8C3E18D220431BB004D2555 /* Resources */ = {
			isa = PBXResourcesBuildPhase;
			buildActionMask = 2147483647;
			files = (
				F8C3E19F220431BD004D2555 /* LaunchScreen.storyboard in Resources */,
				F8105033220FEEC6001C34BC /* ZHHomeSearchVC.xib in Resources */,
				F8C3E19C220431BD004D2555 /* Assets.xcassets in Resources */,
				F8C3E19A220431BB004D2555 /* Main.storyboard in Resources */,
			);
			runOnlyForDeploymentPostprocessing = 0;
		};
/* End PBXResourcesBuildPhase section */

/* Begin PBXShellScriptBuildPhase section */
		5E78ECBE949D96F38E10A977 /* [CP] Check Pods Manifest.lock */ = {
			isa = PBXShellScriptBuildPhase;
			buildActionMask = 2147483647;
			files = (
			);
			inputFileListPaths = (
			);
			inputPaths = (
				"${PODS_PODFILE_DIR_PATH}/Podfile.lock",
				"${PODS_ROOT}/Manifest.lock",
			);
			name = "[CP] Check Pods Manifest.lock";
			outputFileListPaths = (
			);
			outputPaths = (
				"$(DERIVED_FILE_DIR)/Pods-ZhiHu-checkManifestLockResult.txt",
			);
			runOnlyForDeploymentPostprocessing = 0;
			shellPath = /bin/sh;
			shellScript = "diff \"${PODS_PODFILE_DIR_PATH}/Podfile.lock\" \"${PODS_ROOT}/Manifest.lock\" > /dev/null\nif [ $? != 0 ] ; then\n    # print error to STDERR\n    echo \"error: The sandbox is not in sync with the Podfile.lock. Run 'pod install' or update your CocoaPods installation.\" >&2\n    exit 1\nfi\n# This output is used by Xcode 'outputs' to avoid re-running this script phase.\necho \"SUCCESS\" > \"${SCRIPT_OUTPUT_FILE_0}\"\n";
			showEnvVarsInLog = 0;
		};
		ECC4DA5C33516466D7676B8C /* [CP] Embed Pods Frameworks */ = {
			isa = PBXShellScriptBuildPhase;
			buildActionMask = 2147483647;
			files = (
			);
			inputFileListPaths = (
			);
			inputPaths = (
				"${SRCROOT}/Pods/Target Support Files/Pods-ZhiHu/Pods-ZhiHu-frameworks.sh",
				"${BUILT_PRODUCTS_DIR}/Alamofire/Alamofire.framework",
				"${BUILT_PRODUCTS_DIR}/DNSPageView/DNSPageView.framework",
				"${BUILT_PRODUCTS_DIR}/ESTabBarController-swift/ESTabBarController_swift.framework",
				"${BUILT_PRODUCTS_DIR}/FSPagerView/FSPagerView.framework",
				"${BUILT_PRODUCTS_DIR}/HandyJSON/HandyJSON.framework",
				"${BUILT_PRODUCTS_DIR}/JXMarqueeView/JXMarqueeView.framework",
				"${BUILT_PRODUCTS_DIR}/Kingfisher/Kingfisher.framework",
				"${BUILT_PRODUCTS_DIR}/LTScrollView/LTScrollView.framework",
				"${BUILT_PRODUCTS_DIR}/MJRefresh/MJRefresh.framework",
				"${BUILT_PRODUCTS_DIR}/Moya/Moya.framework",
				"${BUILT_PRODUCTS_DIR}/Result/Result.framework",
				"${BUILT_PRODUCTS_DIR}/SVProgressHUD/SVProgressHUD.framework",
				"${BUILT_PRODUCTS_DIR}/SnapKit/SnapKit.framework",
				"${BUILT_PRODUCTS_DIR}/StreamingKit/StreamingKit.framework",
				"${BUILT_PRODUCTS_DIR}/SwiftMessages/SwiftMessages.framework",
				"${BUILT_PRODUCTS_DIR}/SwiftyJSON/SwiftyJSON.framework",
			);
			name = "[CP] Embed Pods Frameworks";
			outputFileListPaths = (
			);
			outputPaths = (
				"${TARGET_BUILD_DIR}/${FRAMEWORKS_FOLDER_PATH}/Alamofire.framework",
				"${TARGET_BUILD_DIR}/${FRAMEWORKS_FOLDER_PATH}/DNSPageView.framework",
				"${TARGET_BUILD_DIR}/${FRAMEWORKS_FOLDER_PATH}/ESTabBarController_swift.framework",
				"${TARGET_BUILD_DIR}/${FRAMEWORKS_FOLDER_PATH}/FSPagerView.framework",
				"${TARGET_BUILD_DIR}/${FRAMEWORKS_FOLDER_PATH}/HandyJSON.framework",
				"${TARGET_BUILD_DIR}/${FRAMEWORKS_FOLDER_PATH}/JXMarqueeView.framework",
				"${TARGET_BUILD_DIR}/${FRAMEWORKS_FOLDER_PATH}/Kingfisher.framework",
				"${TARGET_BUILD_DIR}/${FRAMEWORKS_FOLDER_PATH}/LTScrollView.framework",
				"${TARGET_BUILD_DIR}/${FRAMEWORKS_FOLDER_PATH}/MJRefresh.framework",
				"${TARGET_BUILD_DIR}/${FRAMEWORKS_FOLDER_PATH}/Moya.framework",
				"${TARGET_BUILD_DIR}/${FRAMEWORKS_FOLDER_PATH}/Result.framework",
				"${TARGET_BUILD_DIR}/${FRAMEWORKS_FOLDER_PATH}/SVProgressHUD.framework",
				"${TARGET_BUILD_DIR}/${FRAMEWORKS_FOLDER_PATH}/SnapKit.framework",
				"${TARGET_BUILD_DIR}/${FRAMEWORKS_FOLDER_PATH}/StreamingKit.framework",
				"${TARGET_BUILD_DIR}/${FRAMEWORKS_FOLDER_PATH}/SwiftMessages.framework",
				"${TARGET_BUILD_DIR}/${FRAMEWORKS_FOLDER_PATH}/SwiftyJSON.framework",
			);
			runOnlyForDeploymentPostprocessing = 0;
			shellPath = /bin/sh;
			shellScript = "\"${SRCROOT}/Pods/Target Support Files/Pods-ZhiHu/Pods-ZhiHu-frameworks.sh\"\n";
			showEnvVarsInLog = 0;
		};
/* End PBXShellScriptBuildPhase section */

/* Begin PBXSourcesBuildPhase section */
		F8C3E18B220431BB004D2555 /* Sources */ = {
			isa = PBXSourcesBuildPhase;
			buildActionMask = 2147483647;
			files = (
				F810501F220EC83C001C34BC /* ZHHomeController.swift in Sources */,
				F8105029220EFACD001C34BC /* ZHViewController.swift in Sources */,
				F810503622100C25001C34BC /* UIButton+ZHEx.swift in Sources */,
				F8105021220EF917001C34BC /* ZHIdeaController.swift in Sources */,
				F8105032220FEEC6001C34BC /* ZHHomeSearchVC.swift in Sources */,
				F8C3E197220431BB004D2555 /* SecondViewController.swift in Sources */,
				F8105025220EF938001C34BC /* ZHMessageViewController.swift in Sources */,
				F8C3E193220431BB004D2555 /* AppDelegate.swift in Sources */,
				F8105023220EF92E001C34BC /* ZHCollegeViewController.swift in Sources */,
				F810503B22101D46001C34BC /* ZHRecommendVC.swift in Sources */,
				F8C3E195220431BB004D2555 /* FirstViewController.swift in Sources */,
				F8105027220EF942001C34BC /* ZHMineViewController.swift in Sources */,
				F8105039221016F1001C34BC /* ZHHomeBaseCell.swift in Sources */,
				F810502F220EFD27001C34BC /* Const.swift in Sources */,
			);
			runOnlyForDeploymentPostprocessing = 0;
		};
/* End PBXSourcesBuildPhase section */

/* Begin PBXVariantGroup section */
		F8C3E198220431BB004D2555 /* Main.storyboard */ = {
			isa = PBXVariantGroup;
			children = (
				F8C3E199220431BB004D2555 /* Base */,
			);
			name = Main.storyboard;
			sourceTree = "<group>";
		};
		F8C3E19D220431BD004D2555 /* LaunchScreen.storyboard */ = {
			isa = PBXVariantGroup;
			children = (
				F8C3E19E220431BD004D2555 /* Base */,
			);
			name = LaunchScreen.storyboard;
			sourceTree = "<group>";
		};
/* End PBXVariantGroup section */

/* Begin XCBuildConfiguration section */
		F8C3E1A1220431BD004D2555 /* Debug */ = {
			isa = XCBuildConfiguration;
			buildSettings = {
				ALWAYS_SEARCH_USER_PATHS = NO;
				CLANG_ANALYZER_NONNULL = YES;
				CLANG_ANALYZER_NUMBER_OBJECT_CONVERSION = YES_AGGRESSIVE;
				CLANG_CXX_LANGUAGE_STANDARD = "gnu++14";
				CLANG_CXX_LIBRARY = "libc++";
				CLANG_ENABLE_MODULES = YES;
				CLANG_ENABLE_OBJC_ARC = YES;
				CLANG_ENABLE_OBJC_WEAK = YES;
				CLANG_WARN_BLOCK_CAPTURE_AUTORELEASING = YES;
				CLANG_WARN_BOOL_CONVERSION = YES;
				CLANG_WARN_COMMA = YES;
				CLANG_WARN_CONSTANT_CONVERSION = YES;
				CLANG_WARN_DEPRECATED_OBJC_IMPLEMENTATIONS = YES;
				CLANG_WARN_DIRECT_OBJC_ISA_USAGE = YES_ERROR;
				CLANG_WARN_DOCUMENTATION_COMMENTS = YES;
				CLANG_WARN_EMPTY_BODY = YES;
				CLANG_WARN_ENUM_CONVERSION = YES;
				CLANG_WARN_INFINITE_RECURSION = YES;
				CLANG_WARN_INT_CONVERSION = YES;
				CLANG_WARN_NON_LITERAL_NULL_CONVERSION = YES;
				CLANG_WARN_OBJC_IMPLICIT_RETAIN_SELF = YES;
				CLANG_WARN_OBJC_LITERAL_CONVERSION = YES;
				CLANG_WARN_OBJC_ROOT_CLASS = YES_ERROR;
				CLANG_WARN_RANGE_LOOP_ANALYSIS = YES;
				CLANG_WARN_STRICT_PROTOTYPES = YES;
				CLANG_WARN_SUSPICIOUS_MOVE = YES;
				CLANG_WARN_UNGUARDED_AVAILABILITY = YES_AGGRESSIVE;
				CLANG_WARN_UNREACHABLE_CODE = YES;
				CLANG_WARN__DUPLICATE_METHOD_MATCH = YES;
				CODE_SIGN_IDENTITY = "iPhone Developer";
				COPY_PHASE_STRIP = NO;
				DEBUG_INFORMATION_FORMAT = dwarf;
				ENABLE_STRICT_OBJC_MSGSEND = YES;
				ENABLE_TESTABILITY = YES;
				GCC_C_LANGUAGE_STANDARD = gnu11;
				GCC_DYNAMIC_NO_PIC = NO;
				GCC_NO_COMMON_BLOCKS = YES;
				GCC_OPTIMIZATION_LEVEL = 0;
				GCC_PREPROCESSOR_DEFINITIONS = (
					"DEBUG=1",
					"$(inherited)",
				);
				GCC_WARN_64_TO_32_BIT_CONVERSION = YES;
				GCC_WARN_ABOUT_RETURN_TYPE = YES_ERROR;
				GCC_WARN_UNDECLARED_SELECTOR = YES;
				GCC_WARN_UNINITIALIZED_AUTOS = YES_AGGRESSIVE;
				GCC_WARN_UNUSED_FUNCTION = YES;
				GCC_WARN_UNUSED_VARIABLE = YES;
				IPHONEOS_DEPLOYMENT_TARGET = 11.3;
				MTL_ENABLE_DEBUG_INFO = YES;
				ONLY_ACTIVE_ARCH = YES;
				SDKROOT = iphoneos;
				SWIFT_ACTIVE_COMPILATION_CONDITIONS = DEBUG;
				SWIFT_OPTIMIZATION_LEVEL = "-Onone";
			};
			name = Debug;
		};
		F8C3E1A2220431BD004D2555 /* Release */ = {
			isa = XCBuildConfiguration;
			buildSettings = {
				ALWAYS_SEARCH_USER_PATHS = NO;
				CLANG_ANALYZER_NONNULL = YES;
				CLANG_ANALYZER_NUMBER_OBJECT_CONVERSION = YES_AGGRESSIVE;
				CLANG_CXX_LANGUAGE_STANDARD = "gnu++14";
				CLANG_CXX_LIBRARY = "libc++";
				CLANG_ENABLE_MODULES = YES;
				CLANG_ENABLE_OBJC_ARC = YES;
				CLANG_ENABLE_OBJC_WEAK = YES;
				CLANG_WARN_BLOCK_CAPTURE_AUTORELEASING = YES;
				CLANG_WARN_BOOL_CONVERSION = YES;
				CLANG_WARN_COMMA = YES;
				CLANG_WARN_CONSTANT_CONVERSION = YES;
				CLANG_WARN_DEPRECATED_OBJC_IMPLEMENTATIONS = YES;
				CLANG_WARN_DIRECT_OBJC_ISA_USAGE = YES_ERROR;
				CLANG_WARN_DOCUMENTATION_COMMENTS = YES;
				CLANG_WARN_EMPTY_BODY = YES;
				CLANG_WARN_ENUM_CONVERSION = YES;
				CLANG_WARN_INFINITE_RECURSION = YES;
				CLANG_WARN_INT_CONVERSION = YES;
				CLANG_WARN_NON_LITERAL_NULL_CONVERSION = YES;
				CLANG_WARN_OBJC_IMPLICIT_RETAIN_SELF = YES;
				CLANG_WARN_OBJC_LITERAL_CONVERSION = YES;
				CLANG_WARN_OBJC_ROOT_CLASS = YES_ERROR;
				CLANG_WARN_RANGE_LOOP_ANALYSIS = YES;
				CLANG_WARN_STRICT_PROTOTYPES = YES;
				CLANG_WARN_SUSPICIOUS_MOVE = YES;
				CLANG_WARN_UNGUARDED_AVAILABILITY = YES_AGGRESSIVE;
				CLANG_WARN_UNREACHABLE_CODE = YES;
				CLANG_WARN__DUPLICATE_METHOD_MATCH = YES;
				CODE_SIGN_IDENTITY = "iPhone Developer";
				COPY_PHASE_STRIP = NO;
				DEBUG_INFORMATION_FORMAT = "dwarf-with-dsym";
				ENABLE_NS_ASSERTIONS = NO;
				ENABLE_STRICT_OBJC_MSGSEND = YES;
				GCC_C_LANGUAGE_STANDARD = gnu11;
				GCC_NO_COMMON_BLOCKS = YES;
				GCC_WARN_64_TO_32_BIT_CONVERSION = YES;
				GCC_WARN_ABOUT_RETURN_TYPE = YES_ERROR;
				GCC_WARN_UNDECLARED_SELECTOR = YES;
				GCC_WARN_UNINITIALIZED_AUTOS = YES_AGGRESSIVE;
				GCC_WARN_UNUSED_FUNCTION = YES;
				GCC_WARN_UNUSED_VARIABLE = YES;
				IPHONEOS_DEPLOYMENT_TARGET = 11.3;
				MTL_ENABLE_DEBUG_INFO = NO;
				SDKROOT = iphoneos;
				SWIFT_COMPILATION_MODE = wholemodule;
				SWIFT_OPTIMIZATION_LEVEL = "-O";
				VALIDATE_PRODUCT = YES;
			};
			name = Release;
		};
		F8C3E1A4220431BD004D2555 /* Debug */ = {
			isa = XCBuildConfiguration;
			baseConfigurationReference = 20F7382599C405E07E0EC563 /* Pods-ZhiHu.debug.xcconfig */;
			buildSettings = {
				ASSETCATALOG_COMPILER_APPICON_NAME = AppIcon;
				CODE_SIGN_STYLE = Automatic;
				DEVELOPMENT_TEAM = RA3S34K4EA;
				INFOPLIST_FILE = ZhiHu/Info.plist;
				IPHONEOS_DEPLOYMENT_TARGET = 10.0;
				LD_RUNPATH_SEARCH_PATHS = (
					"$(inherited)",
					"@executable_path/Frameworks",
				);
				PRODUCT_BUNDLE_IDENTIFIER = com.ice.ZhiHu;
				PRODUCT_NAME = "$(TARGET_NAME)";
				SWIFT_VERSION = 4.0;
				TARGETED_DEVICE_FAMILY = "1,2";
			};
			name = Debug;
		};
		F8C3E1A5220431BD004D2555 /* Release */ = {
			isa = XCBuildConfiguration;
			baseConfigurationReference = 13270FB2F86403A88FA6BFCA /* Pods-ZhiHu.release.xcconfig */;
			buildSettings = {
				ASSETCATALOG_COMPILER_APPICON_NAME = AppIcon;
				CODE_SIGN_STYLE = Automatic;
				DEVELOPMENT_TEAM = RA3S34K4EA;
				INFOPLIST_FILE = ZhiHu/Info.plist;
				IPHONEOS_DEPLOYMENT_TARGET = 10.0;
				LD_RUNPATH_SEARCH_PATHS = (
					"$(inherited)",
					"@executable_path/Frameworks",
				);
				PRODUCT_BUNDLE_IDENTIFIER = com.ice.ZhiHu;
				PRODUCT_NAME = "$(TARGET_NAME)";
				SWIFT_VERSION = 4.0;
				TARGETED_DEVICE_FAMILY = "1,2";
			};
			name = Release;
		};
/* End XCBuildConfiguration section */

/* Begin XCConfigurationList section */
		F8C3E18A220431BB004D2555 /* Build configuration list for PBXProject "ZhiHu" */ = {
			isa = XCConfigurationList;
			buildConfigurations = (
				F8C3E1A1220431BD004D2555 /* Debug */,
				F8C3E1A2220431BD004D2555 /* Release */,
			);
			defaultConfigurationIsVisible = 0;
			defaultConfigurationName = Release;
		};
		F8C3E1A3220431BD004D2555 /* Build configuration list for PBXNativeTarget "ZhiHu" */ = {
			isa = XCConfigurationList;
			buildConfigurations = (
				F8C3E1A4220431BD004D2555 /* Debug */,
				F8C3E1A5220431BD004D2555 /* Release */,
			);
			defaultConfigurationIsVisible = 0;
			defaultConfigurationName = Release;
		};
/* End XCConfigurationList section */
	};
	rootObject = F8C3E187220431BB004D2555 /* Project object */;
}
